
Microsoft Visual Studio Solution File, Format Version 12.00
# Visual Studio 14
VisualStudioVersion = 14.0.25420.1
MinimumVisualStudioVersion = 10.0.40219.1
Project("{FAE04EC0-301F-11D3-BF4B-00C04F79EFBC}") = "PaymentServices", "PaymentServices\PaymentServices.csproj", "{5B180045-B13B-443E-82AF-E6F1D1247111}"
EndProject
Project("{FAE04EC0-301F-11D3-BF4B-00C04F79EFBC}") = "PaymentServices.Tests", "PaymentServices.Tests\PaymentServices.Tests.csproj", "{A3CA1845-E8EC-4B29-8E5C-F1E69CF73F25}"
EndProject
Global
	GlobalSection(SolutionConfigurationPlatforms) = preSolution
		Debug|Any CPU = Debug|Any CPU
		Release|Any CPU = Release|Any CPU
	EndGlobalSection
	GlobalSection(ProjectConfigurationPlatforms) = postSolution
		{5B180045-B13B-443E-82AF-E6F1D1247111}.Debug|Any CPU.ActiveCfg = Debug|Any CPU
		{5B180045-B13B-443E-82AF-E6F1D1247111}.Debug|Any CPU.Build.0 = Debug|Any CPU
		{5B180045-B13B-443E-82AF-E6F1D1247111}.Release|Any CPU.ActiveCfg = Release|Any CPU
		{5B180045-B13B-443E-82AF-E6F1D1247111}.Release|Any CPU.Build.0 = Release|Any CPU
		{A3CA1845-E8EC-4B29-8E5C-F1E69CF73F25}.Debug|Any CPU.ActiveCfg = Debug|Any CPU
		{A3CA1845-E8EC-4B29-8E5C-F1E69CF73F25}.Debug|Any CPU.Build.0 = Debug|Any CPU
		{A3CA1845-E8EC-4B29-8E5C-F1E69CF73F25}.Release|Any CPU.ActiveCfg = Release|Any CPU
		{A3CA1845-E8EC-4B29-8E5C-F1E69CF73F25}.Release|Any CPU.Build.0 = Release|Any CPU
	EndGlobalSection
	GlobalSection(SolutionProperties) = preSolution
		HideSolutionNode = FALSE
	EndGlobalSection
EndGlobal
